
Microsoft Visual Studio Solution File, Format Version 12.00
# Visual Studio Version 16
VisualStudioVersion = 16.0.29920.165
MinimumVisualStudioVersion = 10.0.40219.1
Project("{FAE04EC0-301F-11D3-BF4B-00C04F79EFBC}") = "EODLoader", "EODLoader\EODLoader.csproj", "{08324DC8-D872-428F-8EF8-F58C4E529392}"
EndProject
Project("{54435603-DBB4-11D2-8724-00A0C9A8B90C}") = "EodLoaderSetup", "EodLoaderSetup\EodLoaderSetup.vdproj", "{863A09A7-4368-4D39-96FF-8CFAB0004599}"
EndProject
Global
	GlobalSection(SolutionConfigurationPlatforms) = preSolution
		Debug|Any CPU = Debug|Any CPU
		Release|Any CPU = Release|Any CPU
	EndGlobalSection
	GlobalSection(ProjectConfigurationPlatforms) = postSolution
		{08324DC8-D872-428F-8EF8-F58C4E529392}.Debug|Any CPU.ActiveCfg = Debug|Any CPU
		{08324DC8-D872-428F-8EF8-F58C4E529392}.Debug|Any CPU.Build.0 = Debug|Any CPU
		{08324DC8-D872-428F-8EF8-F58C4E529392}.Release|Any CPU.ActiveCfg = Release|Any CPU
		{08324DC8-D872-428F-8EF8-F58C4E529392}.Release|Any CPU.Build.0 = Release|Any CPU
		{863A09A7-4368-4D39-96FF-8CFAB0004599}.Debug|Any CPU.ActiveCfg = Debug
		{863A09A7-4368-4D39-96FF-8CFAB0004599}.Release|Any CPU.ActiveCfg = Release
		{863A09A7-4368-4D39-96FF-8CFAB0004599}.Release|Any CPU.Build.0 = Release
	EndGlobalSection
	GlobalSection(SolutionProperties) = preSolution
		HideSolutionNode = FALSE
	EndGlobalSection
	GlobalSection(ExtensibilityGlobals) = postSolution
		SolutionGuid = {8F61A4E1-8A60-4E59-AEFF-BE2D96140021}
	EndGlobalSection
EndGlobal
